
Microsoft Visual Studio Solution File, Format Version 12.00
# Visual Studio 15
VisualStudioVersion = 15.0.28307.539
MinimumVisualStudioVersion = 10.0.40219.1
Project("{2150E333-8FDC-42A3-9474-1A3956D46DE8}") = "0 - Presentation", "0 - Presentation", "{440EB41B-4851-4794-813B-ECFA2A116A97}"
EndProject
Project("{2150E333-8FDC-42A3-9474-1A3956D46DE8}") = "1 - Application", "1 - Application", "{98D87E9A-B6C6-429C-9E95-4B81545EF870}"
EndProject
Project("{2150E333-8FDC-42A3-9474-1A3956D46DE8}") = "2 - Domain", "2 - Domain", "{F2B80AE2-B5A6-45E2-81E0-5A0E7D851DFB}"
EndProject
Project("{2150E333-8FDC-42A3-9474-1A3956D46DE8}") = "3 - Infrastructure", "3 - Infrastructure", "{D8D65884-C0A9-4018-81E1-B32254712802}"
EndProject
Project("{9A19103F-16F7-4668-BE54-9A1E7A4F7556}") = "AmazingBank.DomainModel", "AmazingBank.DomainModel\AmazingBank.DomainModel.csproj", "{B36651B7-2EC6-4528-9C14-3A9DF98630A3}"
EndProject
Project("{9A19103F-16F7-4668-BE54-9A1E7A4F7556}") = "AmazingBank.DomainService", "AmazingBank.DomainService\AmazingBank.DomainService.csproj", "{3BCEA487-F385-483F-AC73-2294960CF8ED}"
EndProject
Project("{9A19103F-16F7-4668-BE54-9A1E7A4F7556}") = "AmazingBank.ConsoleApp", "AmazingBank.ConsoleApp\AmazingBank.ConsoleApp.csproj", "{9AB8B609-69BA-403B-BDD7-BD23C15249DF}"
EndProject
Project("{9A19103F-16F7-4668-BE54-9A1E7A4F7556}") = "AmazingBank.WebApp", "AmazingBank.WebApp\AmazingBank.WebApp.csproj", "{37191612-5AF9-4A98-B634-58AB1BD1F6F8}"
EndProject
Project("{9A19103F-16F7-4668-BE54-9A1E7A4F7556}") = "AmazingBank.Infra.AzureBlockchain", "AmazingBank.Infra.AzureBlockchain\AmazingBank.Infra.AzureBlockchain.csproj", "{14EDCCD8-50E3-429D-B81B-DAF65D2FFD5F}"
EndProject
Project("{9A19103F-16F7-4668-BE54-9A1E7A4F7556}") = "AmazingBank.Infra.AzureStorage", "AmazingBank.Infra.AzureStorage\AmazingBank.Infra.AzureStorage.csproj", "{3F17217D-EDBB-4A34-9438-A900867D856E}"
EndProject
Project("{9A19103F-16F7-4668-BE54-9A1E7A4F7556}") = "AmazingBank.Infra.DataAccess", "AmazingBank.Infra.DataAccess\AmazingBank.Infra.DataAccess.csproj", "{EF93AF45-EAB3-43F9-A271-EDC5A33599AB}"
EndProject
Global
	GlobalSection(SolutionConfigurationPlatforms) = preSolution
		Debug|Any CPU = Debug|Any CPU
		Release|Any CPU = Release|Any CPU
	EndGlobalSection
	GlobalSection(ProjectConfigurationPlatforms) = postSolution
		{B36651B7-2EC6-4528-9C14-3A9DF98630A3}.Debug|Any CPU.ActiveCfg = Debug|Any CPU
		{B36651B7-2EC6-4528-9C14-3A9DF98630A3}.Debug|Any CPU.Build.0 = Debug|Any CPU
		{B36651B7-2EC6-4528-9C14-3A9DF98630A3}.Release|Any CPU.ActiveCfg = Release|Any CPU
		{B36651B7-2EC6-4528-9C14-3A9DF98630A3}.Release|Any CPU.Build.0 = Release|Any CPU
		{3BCEA487-F385-483F-AC73-2294960CF8ED}.Debug|Any CPU.ActiveCfg = Debug|Any CPU
		{3BCEA487-F385-483F-AC73-2294960CF8ED}.Debug|Any CPU.Build.0 = Debug|Any CPU
		{3BCEA487-F385-483F-AC73-2294960CF8ED}.Release|Any CPU.ActiveCfg = Release|Any CPU
		{3BCEA487-F385-483F-AC73-2294960CF8ED}.Release|Any CPU.Build.0 = Release|Any CPU
		{9AB8B609-69BA-403B-BDD7-BD23C15249DF}.Debug|Any CPU.ActiveCfg = Debug|Any CPU
		{9AB8B609-69BA-403B-BDD7-BD23C15249DF}.Debug|Any CPU.Build.0 = Debug|Any CPU
		{9AB8B609-69BA-403B-BDD7-BD23C15249DF}.Release|Any CPU.ActiveCfg = Release|Any CPU
		{9AB8B609-69BA-403B-BDD7-BD23C15249DF}.Release|Any CPU.Build.0 = Release|Any CPU
		{37191612-5AF9-4A98-B634-58AB1BD1F6F8}.Debug|Any CPU.ActiveCfg = Debug|Any CPU
		{37191612-5AF9-4A98-B634-58AB1BD1F6F8}.Debug|Any CPU.Build.0 = Debug|Any CPU
		{37191612-5AF9-4A98-B634-58AB1BD1F6F8}.Release|Any CPU.ActiveCfg = Release|Any CPU
		{37191612-5AF9-4A98-B634-58AB1BD1F6F8}.Release|Any CPU.Build.0 = Release|Any CPU
		{14EDCCD8-50E3-429D-B81B-DAF65D2FFD5F}.Debug|Any CPU.ActiveCfg = Debug|Any CPU
		{14EDCCD8-50E3-429D-B81B-DAF65D2FFD5F}.Debug|Any CPU.Build.0 = Debug|Any CPU
		{14EDCCD8-50E3-429D-B81B-DAF65D2FFD5F}.Release|Any CPU.ActiveCfg = Release|Any CPU
		{14EDCCD8-50E3-429D-B81B-DAF65D2FFD5F}.Release|Any CPU.Build.0 = Release|Any CPU
		{3F17217D-EDBB-4A34-9438-A900867D856E}.Debug|Any CPU.ActiveCfg = Debug|Any CPU
		{3F17217D-EDBB-4A34-9438-A900867D856E}.Debug|Any CPU.Build.0 = Debug|Any CPU
		{3F17217D-EDBB-4A34-9438-A900867D856E}.Release|Any CPU.ActiveCfg = Release|Any CPU
		{3F17217D-EDBB-4A34-9438-A900867D856E}.Release|Any CPU.Build.0 = Release|Any CPU
		{EF93AF45-EAB3-43F9-A271-EDC5A33599AB}.Debug|Any CPU.ActiveCfg = Debug|Any CPU
		{EF93AF45-EAB3-43F9-A271-EDC5A33599AB}.Debug|Any CPU.Build.0 = Debug|Any CPU
		{EF93AF45-EAB3-43F9-A271-EDC5A33599AB}.Release|Any CPU.ActiveCfg = Release|Any CPU
		{EF93AF45-EAB3-43F9-A271-EDC5A33599AB}.Release|Any CPU.Build.0 = Release|Any CPU
	EndGlobalSection
	GlobalSection(SolutionProperties) = preSolution
		HideSolutionNode = FALSE
	EndGlobalSection
	GlobalSection(NestedProjects) = preSolution
		{B36651B7-2EC6-4528-9C14-3A9DF98630A3} = {F2B80AE2-B5A6-45E2-81E0-5A0E7D851DFB}
		{3BCEA487-F385-483F-AC73-2294960CF8ED} = {F2B80AE2-B5A6-45E2-81E0-5A0E7D851DFB}
		{9AB8B609-69BA-403B-BDD7-BD23C15249DF} = {440EB41B-4851-4794-813B-ECFA2A116A97}
		{37191612-5AF9-4A98-B634-58AB1BD1F6F8} = {440EB41B-4851-4794-813B-ECFA2A116A97}
		{14EDCCD8-50E3-429D-B81B-DAF65D2FFD5F} = {D8D65884-C0A9-4018-81E1-B32254712802}
		{3F17217D-EDBB-4A34-9438-A900867D856E} = {D8D65884-C0A9-4018-81E1-B32254712802}
		{EF93AF45-EAB3-43F9-A271-EDC5A33599AB} = {D8D65884-C0A9-4018-81E1-B32254712802}
	EndGlobalSection
	GlobalSection(ExtensibilityGlobals) = postSolution
		SolutionGuid = {A4455660-4BED-4A42-A1F9-D98772C79684}
	EndGlobalSection
EndGlobal
